
Microsoft Visual Studio Solution File, Format Version 12.00
# Visual Studio Version 17
VisualStudioVersion = 17.7.34024.191
MinimumVisualStudioVersion = 10.0.40219.1
Project("{9A19103F-16F7-4668-BE54-9A1E7A4F7556}") = "WillAPI", "WillAPI\WillAPI.csproj", "{6C25DF6D-2CF2-4036-9B09-DFF64BD939FE}"
EndProject
Project("{9A19103F-16F7-4668-BE54-9A1E7A4F7556}") = "Infrastructure", "Infrastructure\Infrastructure.csproj", "{0A9E68A7-D9B1-4252-AEC7-6B51A15D2649}"
EndProject
Project("{9A19103F-16F7-4668-BE54-9A1E7A4F7556}") = "Application", "Application\Application.csproj", "{9529BF6B-01CC-4920-949C-D7D5CCE3D54A}"
EndProject
Project("{9A19103F-16F7-4668-BE54-9A1E7A4F7556}") = "Domain", "Domain\Domain.csproj", "{2050B73E-FF13-4DB3-8118-45D449073CD7}"
EndProject
Global
	GlobalSection(SolutionConfigurationPlatforms) = preSolution
		Debug|Any CPU = Debug|Any CPU
		Release|Any CPU = Release|Any CPU
	EndGlobalSection
	GlobalSection(ProjectConfigurationPlatforms) = postSolution
		{6C25DF6D-2CF2-4036-9B09-DFF64BD939FE}.Debug|Any CPU.ActiveCfg = Debug|Any CPU
		{6C25DF6D-2CF2-4036-9B09-DFF64BD939FE}.Debug|Any CPU.Build.0 = Debug|Any CPU
		{6C25DF6D-2CF2-4036-9B09-DFF64BD939FE}.Release|Any CPU.ActiveCfg = Release|Any CPU
		{6C25DF6D-2CF2-4036-9B09-DFF64BD939FE}.Release|Any CPU.Build.0 = Release|Any CPU
		{0A9E68A7-D9B1-4252-AEC7-6B51A15D2649}.Debug|Any CPU.ActiveCfg = Debug|Any CPU
		{0A9E68A7-D9B1-4252-AEC7-6B51A15D2649}.Debug|Any CPU.Build.0 = Debug|Any CPU
		{0A9E68A7-D9B1-4252-AEC7-6B51A15D2649}.Release|Any CPU.ActiveCfg = Release|Any CPU
		{0A9E68A7-D9B1-4252-AEC7-6B51A15D2649}.Release|Any CPU.Build.0 = Release|Any CPU
		{9529BF6B-01CC-4920-949C-D7D5CCE3D54A}.Debug|Any CPU.ActiveCfg = Debug|Any CPU
		{9529BF6B-01CC-4920-949C-D7D5CCE3D54A}.Debug|Any CPU.Build.0 = Debug|Any CPU
		{9529BF6B-01CC-4920-949C-D7D5CCE3D54A}.Release|Any CPU.ActiveCfg = Release|Any CPU
		{9529BF6B-01CC-4920-949C-D7D5CCE3D54A}.Release|Any CPU.Build.0 = Release|Any CPU
		{2050B73E-FF13-4DB3-8118-45D449073CD7}.Debug|Any CPU.ActiveCfg = Debug|Any CPU
		{2050B73E-FF13-4DB3-8118-45D449073CD7}.Debug|Any CPU.Build.0 = Debug|Any CPU
		{2050B73E-FF13-4DB3-8118-45D449073CD7}.Release|Any CPU.ActiveCfg = Release|Any CPU
		{2050B73E-FF13-4DB3-8118-45D449073CD7}.Release|Any CPU.Build.0 = Release|Any CPU
	EndGlobalSection
	GlobalSection(SolutionProperties) = preSolution
		HideSolutionNode = FALSE
	EndGlobalSection
	GlobalSection(ExtensibilityGlobals) = postSolution
		SolutionGuid = {5DA72E0D-0F88-47DE-991D-9AF3AC0FAA8A}
	EndGlobalSection
EndGlobal
